// !$*UTF8*$!
{
	archiveVersion = 1;
	classes = {
	};
	objectVersion = 56;
	objects = {

/* Begin PBXBuildFile section */
		FA2B7EBF2A40D4F50028986F /* CheckNumberApp.swift in Sources */ = {isa = PBXBuildFile; fileRef = FA2B7EBE2A40D4F50028986F /* CheckNumberApp.swift */; };
		FA2B7EC12A40D4F50028986F /* GameView.swift in Sources */ = {isa = PBXBuildFile; fileRef = FA2B7EC02A40D4F50028986F /* GameView.swift */; };
		FA2B7EC32A40D4F60028986F /* Assets.xcassets in Resources */ = {isa = PBXBuildFile; fileRef = FA2B7EC22A40D4F60028986F /* Assets.xcassets */; };
		FA2B7EC62A40D4F60028986F /* Preview Assets.xcassets in Resources */ = {isa = PBXBuildFile; fileRef = FA2B7EC52A40D4F60028986F /* Preview Assets.xcassets */; };
		FA2B7ECD2A40DC620028986F /* SliderView.swift in Sources */ = {isa = PBXBuildFile; fileRef = FA2B7ECC2A40DC620028986F /* SliderView.swift */; };
		FA2B7ED82A41152E0028986F /* UISliderRepresentation.swift in Sources */ = {isa = PBXBuildFile; fileRef = FA2B7ED72A41152E0028986F /* UISliderRepresentation.swift */; };
		FAAD538E2A44FB3E00715F1A /* GameViewModel.swift in Sources */ = {isa = PBXBuildFile; fileRef = FAAD538D2A44FB3E00715F1A /* GameViewModel.swift */; };
		FAAD53902A44FB4A00715F1A /* GameOptions.swift in Sources */ = {isa = PBXBuildFile; fileRef = FAAD538F2A44FB4A00715F1A /* GameOptions.swift */; };
/* End PBXBuildFile section */

/* Begin PBXFileReference section */
		FA2B7EBB2A40D4F50028986F /* CheckNumber.app */ = {isa = PBXFileReference; explicitFileType = wrapper.application; includeInIndex = 0; path = CheckNumber.app; sourceTree = BUILT_PRODUCTS_DIR; };
		FA2B7EBE2A40D4F50028986F /* CheckNumberApp.swift */ = {isa = PBXFileReference; lastKnownFileType = sourcecode.swift; path = CheckNumberApp.swift; sourceTree = "<group>"; };
		FA2B7EC02A40D4F50028986F /* GameView.swift */ = {isa = PBXFileReference; lastKnownFileType = sourcecode.swift; path = GameView.swift; sourceTree = "<group>"; };
		FA2B7EC22A40D4F60028986F /* Assets.xcassets */ = {isa = PBXFileReference; lastKnownFileType = folder.assetcatalog; path = Assets.xcassets; sourceTree = "<group>"; };
		FA2B7EC52A40D4F60028986F /* Preview Assets.xcassets */ = {isa = PBXFileReference; lastKnownFileType = folder.assetcatalog; path = "Preview Assets.xcassets"; sourceTree = "<group>"; };
		FA2B7ECC2A40DC620028986F /* SliderView.swift */ = {isa = PBXFileReference; lastKnownFileType = sourcecode.swift; path = SliderView.swift; sourceTree = "<group>"; };
		FA2B7ED72A41152E0028986F /* UISliderRepresentation.swift */ = {isa = PBXFileReference; lastKnownFileType = sourcecode.swift; path = UISliderRepresentation.swift; sourceTree = "<group>"; };
		FAAD538D2A44FB3E00715F1A /* GameViewModel.swift */ = {isa = PBXFileReference; lastKnownFileType = sourcecode.swift; path = GameViewModel.swift; sourceTree = "<group>"; };
		FAAD538F2A44FB4A00715F1A /* GameOptions.swift */ = {isa = PBXFileReference; lastKnownFileType = sourcecode.swift; path = GameOptions.swift; sourceTree = "<group>"; };
/* End PBXFileReference section */

/* Begin PBXFrameworksBuildPhase section */
		FA2B7EB82A40D4F50028986F /* Frameworks */ = {
			isa = PBXFrameworksBuildPhase;
			buildActionMask = 2147483647;
			files = (
			);
			runOnlyForDeploymentPostprocessing = 0;
		};
/* End PBXFrameworksBuildPhase section */

/* Begin PBXGroup section */
		FA2B7EB22A40D4F50028986F = {
			isa = PBXGroup;
			children = (
				FA2B7EBD2A40D4F50028986F /* CheckNumber */,
				FA2B7EBC2A40D4F50028986F /* Products */,
			);
			sourceTree = "<group>";
		};
		FA2B7EBC2A40D4F50028986F /* Products */ = {
			isa = PBXGroup;
			children = (
				FA2B7EBB2A40D4F50028986F /* CheckNumber.app */,
			);
			name = Products;
			sourceTree = "<group>";
		};
		FA2B7EBD2A40D4F50028986F /* CheckNumber */ = {
			isa = PBXGroup;
			children = (
				FAAD53912A44FC6700715F1A /* App */,
				FAAD53932A45013800715F1A /* Models */,
				FA2B7ED62A4111580028986F /* Views */,
				FAAD53922A44FC7500715F1A /* ViewModels */,
				FA2B7EC22A40D4F60028986F /* Assets.xcassets */,
				FA2B7EC42A40D4F60028986F /* Preview Content */,
			);
			path = CheckNumber;
			sourceTree = "<group>";
		};
		FA2B7EC42A40D4F60028986F /* Preview Content */ = {
			isa = PBXGroup;
			children = (
				FA2B7EC52A40D4F60028986F /* Preview Assets.xcassets */,
			);
			path = "Preview Content";
			sourceTree = "<group>";
		};
		FA2B7ED62A4111580028986F /* Views */ = {
			isa = PBXGroup;
			children = (
				FA2B7EC02A40D4F50028986F /* GameView.swift */,
				FA2B7ECC2A40DC620028986F /* SliderView.swift */,
				FA2B7ED72A41152E0028986F /* UISliderRepresentation.swift */,
			);
			path = Views;
			sourceTree = "<group>";
		};
		FAAD53912A44FC6700715F1A /* App */ = {
			isa = PBXGroup;
			children = (
				FA2B7EBE2A40D4F50028986F /* CheckNumberApp.swift */,
			);
			path = App;
			sourceTree = "<group>";
		};
		FAAD53922A44FC7500715F1A /* ViewModels */ = {
			isa = PBXGroup;
			children = (
				FAAD538D2A44FB3E00715F1A /* GameViewModel.swift */,
			);
			path = ViewModels;
			sourceTree = "<group>";
		};
		FAAD53932A45013800715F1A /* Models */ = {
			isa = PBXGroup;
			children = (
				FAAD538F2A44FB4A00715F1A /* GameOptions.swift */,
			);
			path = Models;
			sourceTree = "<group>";
		};
/* End PBXGroup section */

/* Begin PBXNativeTarget section */
		FA2B7EBA2A40D4F50028986F /* CheckNumber */ = {
			isa = PBXNativeTarget;
			buildConfigurationList = FA2B7EC92A40D4F60028986F /* Build configuration list for PBXNativeTarget "CheckNumber" */;
			buildPhases = (
				FA2B7EB72A40D4F50028986F /* Sources */,
				FA2B7EB82A40D4F50028986F /* Frameworks */,
				FA2B7EB92A40D4F50028986F /* Resources */,
			);
			buildRules = (
			);
			dependencies = (
			);
			name = CheckNumber;
			productName = CheckNumber;
			productReference = FA2B7EBB2A40D4F50028986F /* CheckNumber.app */;
			productType = "com.apple.product-type.application";
		};
/* End PBXNativeTarget section */

/* Begin PBXProject section */
		FA2B7EB32A40D4F50028986F /* Project object */ = {
			isa = PBXProject;
			attributes = {
				BuildIndependentTargetsInParallel = 1;
				LastSwiftUpdateCheck = 1430;
				LastUpgradeCheck = 1430;
				TargetAttributes = {
					FA2B7EBA2A40D4F50028986F = {
						CreatedOnToolsVersion = 14.3.1;
					};
				};
			};
			buildConfigurationList = FA2B7EB62A40D4F50028986F /* Build configuration list for PBXProject "CheckNumber" */;
			compatibilityVersion = "Xcode 14.0";
			developmentRegion = en;
			hasScannedForEncodings = 0;
			knownRegions = (
				en,
				Base,
			);
			mainGroup = FA2B7EB22A40D4F50028986F;
			productRefGroup = FA2B7EBC2A40D4F50028986F /* Products */;
			projectDirPath = "";
			projectRoot = "";
			targets = (
				FA2B7EBA2A40D4F50028986F /* CheckNumber */,
			);
		};
/* End PBXProject section */

/* Begin PBXResourcesBuildPhase section */
		FA2B7EB92A40D4F50028986F /* Resources */ = {
			isa = PBXResourcesBuildPhase;
			buildActionMask = 2147483647;
			files = (
				FA2B7EC62A40D4F60028986F /* Preview Assets.xcassets in Resources */,
				FA2B7EC32A40D4F60028986F /* Assets.xcassets in Resources */,
			);
			runOnlyForDeploymentPostprocessing = 0;
		};
/* End PBXResourcesBuildPhase section */

/* Begin PBXSourcesBuildPhase section */
		FA2B7EB72A40D4F50028986F /* Sources */ = {
			isa = PBXSourcesBuildPhase;
			buildActionMask = 2147483647;
			files = (
				FAAD53902A44FB4A00715F1A /* GameOptions.swift in Sources */,
				FA2B7ECD2A40DC620028986F /* SliderView.swift in Sources */,
				FA2B7ED82A41152E0028986F /* UISliderRepresentation.swift in Sources */,
				FA2B7EC12A40D4F50028986F /* GameView.swift in Sources */,
				FAAD538E2A44FB3E00715F1A /* GameViewModel.swift in Sources */,
				FA2B7EBF2A40D4F50028986F /* CheckNumberApp.swift in Sources */,
			);
			runOnlyForDeploymentPostprocessing = 0;
		};
/* End PBXSourcesBuildPhase section */

/* Begin XCBuildConfiguration section */
		FA2B7EC72A40D4F60028986F /* Debug */ = {
			isa = XCBuildConfiguration;
			buildSettings = {
				ALWAYS_SEARCH_USER_PATHS = NO;
				CLANG_ANALYZER_NONNULL = YES;
				CLANG_ANALYZER_NUMBER_OBJECT_CONVERSION = YES_AGGRESSIVE;
				CLANG_CXX_LANGUAGE_STANDARD = "gnu++20";
				CLANG_ENABLE_MODULES = YES;
				CLANG_ENABLE_OBJC_ARC = YES;
				CLANG_ENABLE_OBJC_WEAK = YES;
				CLANG_WARN_BLOCK_CAPTURE_AUTORELEASING = YES;
				CLANG_WARN_BOOL_CONVERSION = YES;
				CLANG_WARN_COMMA = YES;
				CLANG_WARN_CONSTANT_CONVERSION = YES;
				CLANG_WARN_DEPRECATED_OBJC_IMPLEMENTATIONS = YES;
				CLANG_WARN_DIRECT_OBJC_ISA_USAGE = YES_ERROR;
				CLANG_WARN_DOCUMENTATION_COMMENTS = YES;
				CLANG_WARN_EMPTY_BODY = YES;
				CLANG_WARN_ENUM_CONVERSION = YES;
				CLANG_WARN_INFINITE_RECURSION = YES;
				CLANG_WARN_INT_CONVERSION = YES;
				CLANG_WARN_NON_LITERAL_NULL_CONVERSION = YES;
				CLANG_WARN_OBJC_IMPLICIT_RETAIN_SELF = YES;
				CLANG_WARN_OBJC_LITERAL_CONVERSION = YES;
				CLANG_WARN_OBJC_ROOT_CLASS = YES_ERROR;
				CLANG_WARN_QUOTED_INCLUDE_IN_FRAMEWORK_HEADER = YES;
				CLANG_WARN_RANGE_LOOP_ANALYSIS = YES;
				CLANG_WARN_STRICT_PROTOTYPES = YES;
				CLANG_WARN_SUSPICIOUS_MOVE = YES;
				CLANG_WARN_UNGUARDED_AVAILABILITY = YES_AGGRESSIVE;
				CLANG_WARN_UNREACHABLE_CODE = YES;
				CLANG_WARN__DUPLICATE_METHOD_MATCH = YES;
				COPY_PHASE_STRIP = NO;
				DEBUG_INFORMATION_FORMAT = dwarf;
				ENABLE_STRICT_OBJC_MSGSEND = YES;
				ENABLE_TESTABILITY = YES;
				GCC_C_LANGUAGE_STANDARD = gnu11;
				GCC_DYNAMIC_NO_PIC = NO;
				GCC_NO_COMMON_BLOCKS = YES;
				GCC_OPTIMIZATION_LEVEL = 0;
				GCC_PREPROCESSOR_DEFINITIONS = (
					"DEBUG=1",
					"$(inherited)",
				);
				GCC_WARN_64_TO_32_BIT_CONVERSION = YES;
				GCC_WARN_ABOUT_RETURN_TYPE = YES_ERROR;
				GCC_WARN_UNDECLARED_SELECTOR = YES;
				GCC_WARN_UNINITIALIZED_AUTOS = YES_AGGRESSIVE;
				GCC_WARN_UNUSED_FUNCTION = YES;
				GCC_WARN_UNUSED_VARIABLE = YES;
				IPHONEOS_DEPLOYMENT_TARGET = 16.4;
				MTL_ENABLE_DEBUG_INFO = INCLUDE_SOURCE;
				MTL_FAST_MATH = YES;
				ONLY_ACTIVE_ARCH = YES;
				SDKROOT = iphoneos;
				SWIFT_ACTIVE_COMPILATION_CONDITIONS = DEBUG;
				SWIFT_OPTIMIZATION_LEVEL = "-Onone";
			};
			name = Debug;
		};
		FA2B7EC82A40D4F60028986F /* Release */ = {
			isa = XCBuildConfiguration;
			buildSettings = {
				ALWAYS_SEARCH_USER_PATHS = NO;
				CLANG_ANALYZER_NONNULL = YES;
				CLANG_ANALYZER_NUMBER_OBJECT_CONVERSION = YES_AGGRESSIVE;
				CLANG_CXX_LANGUAGE_STANDARD = "gnu++20";
				CLANG_ENABLE_MODULES = YES;
				CLANG_ENABLE_OBJC_ARC = YES;
				CLANG_ENABLE_OBJC_WEAK = YES;
				CLANG_WARN_BLOCK_CAPTURE_AUTORELEASING = YES;
				CLANG_WARN_BOOL_CONVERSION = YES;
				CLANG_WARN_COMMA = YES;
				CLANG_WARN_CONSTANT_CONVERSION = YES;
				CLANG_WARN_DEPRECATED_OBJC_IMPLEMENTATIONS = YES;
				CLANG_WARN_DIRECT_OBJC_ISA_USAGE = YES_ERROR;
				CLANG_WARN_DOCUMENTATION_COMMENTS = YES;
				CLANG_WARN_EMPTY_BODY = YES;
				CLANG_WARN_ENUM_CONVERSION = YES;
				CLANG_WARN_INFINITE_RECURSION = YES;
				CLANG_WARN_INT_CONVERSION = YES;
				CLANG_WARN_NON_LITERAL_NULL_CONVERSION = YES;
				CLANG_WARN_OBJC_IMPLICIT_RETAIN_SELF = YES;
				CLANG_WARN_OBJC_LITERAL_CONVERSION = YES;
				CLANG_WARN_OBJC_ROOT_CLASS = YES_ERROR;
				CLANG_WARN_QUOTED_INCLUDE_IN_FRAMEWORK_HEADER = YES;
				CLANG_WARN_RANGE_LOOP_ANALYSIS = YES;
				CLANG_WARN_STRICT_PROTOTYPES = YES;
				CLANG_WARN_SUSPICIOUS_MOVE = YES;
				CLANG_WARN_UNGUARDED_AVAILABILITY = YES_AGGRESSIVE;
				CLANG_WARN_UNREACHABLE_CODE = YES;
				CLANG_WARN__DUPLICATE_METHOD_MATCH = YES;
				COPY_PHASE_STRIP = NO;
				DEBUG_INFORMATION_FORMAT = "dwarf-with-dsym";
				ENABLE_NS_ASSERTIONS = NO;
				ENABLE_STRICT_OBJC_MSGSEND = YES;
				GCC_C_LANGUAGE_STANDARD = gnu11;
				GCC_NO_COMMON_BLOCKS = YES;
				GCC_WARN_64_TO_32_BIT_CONVERSION = YES;
				GCC_WARN_ABOUT_RETURN_TYPE = YES_ERROR;
				GCC_WARN_UNDECLARED_SELECTOR = YES;
				GCC_WARN_UNINITIALIZED_AUTOS = YES_AGGRESSIVE;
				GCC_WARN_UNUSED_FUNCTION = YES;
				GCC_WARN_UNUSED_VARIABLE = YES;
				IPHONEOS_DEPLOYMENT_TARGET = 16.4;
				MTL_ENABLE_DEBUG_INFO = NO;
				MTL_FAST_MATH = YES;
				SDKROOT = iphoneos;
				SWIFT_COMPILATION_MODE = wholemodule;
				SWIFT_OPTIMIZATION_LEVEL = "-O";
				VALIDATE_PRODUCT = YES;
			};
			name = Release;
		};
		FA2B7ECA2A40D4F60028986F /* Debug */ = {
			isa = XCBuildConfiguration;
			buildSettings = {
				ASSETCATALOG_COMPILER_APPICON_NAME = AppIcon;
				ASSETCATALOG_COMPILER_GLOBAL_ACCENT_COLOR_NAME = AccentColor;
				CODE_SIGN_STYLE = Automatic;
				CURRENT_PROJECT_VERSION = 1;
				DEVELOPMENT_ASSET_PATHS = "\"CheckNumber/Preview Content\"";
				DEVELOPMENT_TEAM = 5WNGG93AJL;
				ENABLE_PREVIEWS = YES;
				GENERATE_INFOPLIST_FILE = YES;
				INFOPLIST_KEY_UIApplicationSceneManifest_Generation = YES;
				INFOPLIST_KEY_UIApplicationSupportsIndirectInputEvents = YES;
				INFOPLIST_KEY_UILaunchScreen_Generation = YES;
				INFOPLIST_KEY_UISupportedInterfaceOrientations = UIInterfaceOrientationPortrait;
				INFOPLIST_KEY_UISupportedInterfaceOrientations_iPad = "UIInterfaceOrientationLandscapeLeft UIInterfaceOrientationLandscapeRight UIInterfaceOrientationPortrait UIInterfaceOrientationPortraitUpsideDown";
				LD_RUNPATH_SEARCH_PATHS = (
					"$(inherited)",
					"@executable_path/Frameworks",
				);
				MARKETING_VERSION = 1.0;
				PRODUCT_BUNDLE_IDENTIFIER = "Zhulai-Alex.CheckNumber";
				PRODUCT_NAME = "$(TARGET_NAME)";
				SUPPORTED_PLATFORMS = "iphoneos iphonesimulator";
				SUPPORTS_MACCATALYST = NO;
				SUPPORTS_MAC_DESIGNED_FOR_IPHONE_IPAD = NO;
				SWIFT_EMIT_LOC_STRINGS = YES;
				SWIFT_VERSION = 5.0;
				TARGETED_DEVICE_FAMILY = 1;
			};
			name = Debug;
		};
		FA2B7ECB2A40D4F60028986F /* Release */ = {
			isa = XCBuildConfiguration;
			buildSettings = {
				ASSETCATALOG_COMPILER_APPICON_NAME = AppIcon;
				ASSETCATALOG_COMPILER_GLOBAL_ACCENT_COLOR_NAME = AccentColor;
				CODE_SIGN_STYLE = Automatic;
				CURRENT_PROJECT_VERSION = 1;
				DEVELOPMENT_ASSET_PATHS = "\"CheckNumber/Preview Content\"";
				DEVELOPMENT_TEAM = 5WNGG93AJL;
				ENABLE_PREVIEWS = YES;
				GENERATE_INFOPLIST_FILE = YES;
				INFOPLIST_KEY_UIApplicationSceneManifest_Generation = YES;
				INFOPLIST_KEY_UIApplicationSupportsIndirectInputEvents = YES;
				INFOPLIST_KEY_UILaunchScreen_Generation = YES;
				INFOPLIST_KEY_UISupportedInterfaceOrientations = UIInterfaceOrientationPortrait;
				INFOPLIST_KEY_UISupportedInterfaceOrientations_iPad = "UIInterfaceOrientationLandscapeLeft UIInterfaceOrientationLandscapeRight UIInterfaceOrientationPortrait UIInterfaceOrientationPortraitUpsideDown";
				LD_RUNPATH_SEARCH_PATHS = (
					"$(inherited)",
					"@executable_path/Frameworks",
				);
				MARKETING_VERSION = 1.0;
				PRODUCT_BUNDLE_IDENTIFIER = "Zhulai-Alex.CheckNumber";
				PRODUCT_NAME = "$(TARGET_NAME)";
				SUPPORTED_PLATFORMS = "iphoneos iphonesimulator";
				SUPPORTS_MACCATALYST = NO;
				SUPPORTS_MAC_DESIGNED_FOR_IPHONE_IPAD = NO;
				SWIFT_EMIT_LOC_STRINGS = YES;
				SWIFT_VERSION = 5.0;
				TARGETED_DEVICE_FAMILY = 1;
			};
			name = Release;
		};
/* End XCBuildConfiguration section */

/* Begin XCConfigurationList section */
		FA2B7EB62A40D4F50028986F /* Build configuration list for PBXProject "CheckNumber" */ = {
			isa = XCConfigurationList;
			buildConfigurations = (
				FA2B7EC72A40D4F60028986F /* Debug */,
				FA2B7EC82A40D4F60028986F /* Release */,
			);
			defaultConfigurationIsVisible = 0;
			defaultConfigurationName = Release;
		};
		FA2B7EC92A40D4F60028986F /* Build configuration list for PBXNativeTarget "CheckNumber" */ = {
			isa = XCConfigurationList;
			buildConfigurations = (
				FA2B7ECA2A40D4F60028986F /* Debug */,
				FA2B7ECB2A40D4F60028986F /* Release */,
			);
			defaultConfigurationIsVisible = 0;
			defaultConfigurationName = Release;
		};
/* End XCConfigurationList section */
	};
	rootObject = FA2B7EB32A40D4F50028986F /* Project object */;
}
